
Microsoft Visual Studio Solution File, Format Version 12.00
# Visual Studio Version 17
VisualStudioVersion = 17.10.35122.118
MinimumVisualStudioVersion = 10.0.40219.1
Project("{FAE04EC0-301F-11D3-BF4B-00C04F79EFBC}") = "EduHomeFtoB", "EduHomeFtoB\EduHomeFtoB.csproj", "{09B6E6BE-BD84-4DF0-A67A-4128DC43AD67}"
EndProject
Global
	GlobalSection(SolutionConfigurationPlatforms) = preSolution
		Debug|Any CPU = Debug|Any CPU
		Release|Any CPU = Release|Any CPU
	EndGlobalSection
	GlobalSection(ProjectConfigurationPlatforms) = postSolution
		{09B6E6BE-BD84-4DF0-A67A-4128DC43AD67}.Debug|Any CPU.ActiveCfg = Debug|Any CPU
		{09B6E6BE-BD84-4DF0-A67A-4128DC43AD67}.Debug|Any CPU.Build.0 = Debug|Any CPU
		{09B6E6BE-BD84-4DF0-A67A-4128DC43AD67}.Release|Any CPU.ActiveCfg = Release|Any CPU
		{09B6E6BE-BD84-4DF0-A67A-4128DC43AD67}.Release|Any CPU.Build.0 = Release|Any CPU
	EndGlobalSection
	GlobalSection(SolutionProperties) = preSolution
		HideSolutionNode = FALSE
	EndGlobalSection
	GlobalSection(ExtensibilityGlobals) = postSolution
		SolutionGuid = {42FFD106-0AEB-475C-8630-4E1784FBC497}
	EndGlobalSection
EndGlobal
